// !$*UTF8*$!
{
	archiveVersion = 1;
	classes = {
	};
	objectVersion = 54;
	objects = {

/* Begin PBXBuildFile section */
		55591B6B1F2884AC0084CF0C /* ViewController.swift in Sources */ = {isa = PBXBuildFile; fileRef = 55591B6A1F2884AC0084CF0C /* ViewController.swift */; };
		55591B6E1F2884AC0084CF0C /* Main.storyboard in Resources */ = {isa = PBXBuildFile; fileRef = 55591B6C1F2884AC0084CF0C /* Main.storyboard */; };
		55591B701F2884AC0084CF0C /* Assets.xcassets in Resources */ = {isa = PBXBuildFile; fileRef = 55591B6F1F2884AC0084CF0C /* Assets.xcassets */; };
		55591B731F2884AC0084CF0C /* LaunchScreen.storyboard in Resources */ = {isa = PBXBuildFile; fileRef = 55591B711F2884AC0084CF0C /* LaunchScreen.storyboard */; };
		59CAB61E207770890052910F /* E4link.framework in Frameworks */ = {isa = PBXBuildFile; fileRef = 59CAB61D207770890052910F /* E4link.framework */; };
		59CAB626207771C30052910F /* CoreBluetooth.framework in Frameworks */ = {isa = PBXBuildFile; fileRef = 59CAB625207771C30052910F /* CoreBluetooth.framework */; };
		AA7545402C01141900D79A62 /* HeatStrainLevel.swift in Sources */ = {isa = PBXBuildFile; fileRef = AA75453F2C01141900D79A62 /* HeatStrainLevel.swift */; };
		AA7545422C0115F600D79A62 /* DynamicFont.swift in Sources */ = {isa = PBXBuildFile; fileRef = AA7545412C0115F600D79A62 /* DynamicFont.swift */; };
		AA7874502C095EB500A0DDC5 /* FirebaseAuth in Frameworks */ = {isa = PBXBuildFile; productRef = AA78744F2C095EB500A0DDC5 /* FirebaseAuth */; };
		AA7874522C095EB500A0DDC5 /* FirebaseAuthCombine-Community in Frameworks */ = {isa = PBXBuildFile; productRef = AA7874512C095EB500A0DDC5 /* FirebaseAuthCombine-Community */; };
		AA7874542C09606C00A0DDC5 /* Operation.swift in Sources */ = {isa = PBXBuildFile; fileRef = AA7874532C09606C00A0DDC5 /* Operation.swift */; };
		AA7874562C09637F00A0DDC5 /* UserExistenceChecker.swift in Sources */ = {isa = PBXBuildFile; fileRef = AA7874552C09637F00A0DDC5 /* UserExistenceChecker.swift */; };
		AA7874582C0966D400A0DDC5 /* NewUserView.swift in Sources */ = {isa = PBXBuildFile; fileRef = AA7874572C0966D400A0DDC5 /* NewUserView.swift */; };
		B91491542911AFE400A51A62 /* Algorithms in Frameworks */ = {isa = PBXBuildFile; productRef = B91491532911AFE400A51A62 /* Algorithms */; };
		B914915C2911B19C00A51A62 /* Charts in Frameworks */ = {isa = PBXBuildFile; productRef = B914915B2911B19C00A51A62 /* Charts */; };
		B914915E2911C1FC00A51A62 /* MultiLineChartView.swift in Sources */ = {isa = PBXBuildFile; fileRef = B914915D2911C1FC00A51A62 /* MultiLineChartView.swift */; };
		B91AA790286CA26E00B36E84 /* ModelData.swift in Sources */ = {isa = PBXBuildFile; fileRef = B91AA78F286CA26E00B36E84 /* ModelData.swift */; };
		B91AA792286CA5B700B36E84 /* DashboardView.swift in Sources */ = {isa = PBXBuildFile; fileRef = B91AA791286CA5B700B36E84 /* DashboardView.swift */; };
		B91AA796286CA62400B36E84 /* ProfileView.swift in Sources */ = {isa = PBXBuildFile; fileRef = B91AA795286CA62400B36E84 /* ProfileView.swift */; };
		B91AA79C286D12E900B36E84 /* Config.swift in Sources */ = {isa = PBXBuildFile; fileRef = B91AA79B286D12E900B36E84 /* Config.swift */; };
		B91AA7A5287F352100B36E84 /* InfoView.swift in Sources */ = {isa = PBXBuildFile; fileRef = B91AA7A4287F352100B36E84 /* InfoView.swift */; };
		B93AB80A285D8E6E0008DC59 /* DPMApp.swift in Sources */ = {isa = PBXBuildFile; fileRef = B93AB809285D8E6E0008DC59 /* DPMApp.swift */; };
		B93AB80C285D8EF10008DC59 /* ContentView.swift in Sources */ = {isa = PBXBuildFile; fileRef = B93AB80B285D8EF10008DC59 /* ContentView.swift */; };
		B9D051B22888435800AAC9D8 /* LoginView.swift in Sources */ = {isa = PBXBuildFile; fileRef = B9D051B12888435800AAC9D8 /* LoginView.swift */; };
		B9D051B42888627300AAC9D8 /* LoginDetailView.swift in Sources */ = {isa = PBXBuildFile; fileRef = B9D051B32888627300AAC9D8 /* LoginDetailView.swift */; };
		B9D051B628887D2B00AAC9D8 /* FloatingLabelInput.swift in Sources */ = {isa = PBXBuildFile; fileRef = B9D051B528887D2B00AAC9D8 /* FloatingLabelInput.swift */; };
		B9D051BA288B11B400AAC9D8 /* User.swift in Sources */ = {isa = PBXBuildFile; fileRef = B9D051B9288B11B400AAC9D8 /* User.swift */; };
		B9D051BC288B21B500AAC9D8 /* Input.swift in Sources */ = {isa = PBXBuildFile; fileRef = B9D051BB288B21B500AAC9D8 /* Input.swift */; };
		B9D051BE288B21EA00AAC9D8 /* Peer.swift in Sources */ = {isa = PBXBuildFile; fileRef = B9D051BD288B21EA00AAC9D8 /* Peer.swift */; };
		B9D051C0288B27A300AAC9D8 /* CrewView.swift in Sources */ = {isa = PBXBuildFile; fileRef = B9D051BF288B27A300AAC9D8 /* CrewView.swift */; };
		B9D051C2288B2D5F00AAC9D8 /* ResponseModel.swift in Sources */ = {isa = PBXBuildFile; fileRef = B9D051C1288B2D5F00AAC9D8 /* ResponseModel.swift */; };
		B9D051C8288B6CB400AAC9D8 /* FatigueLevelGraph.swift in Sources */ = {isa = PBXBuildFile; fileRef = B9D051C7288B6CB400AAC9D8 /* FatigueLevelGraph.swift */; };
		B9D051CA288B6CB900AAC9D8 /* GraphCapsule.swift in Sources */ = {isa = PBXBuildFile; fileRef = B9D051C9288B6CB900AAC9D8 /* GraphCapsule.swift */; };
		B9D051CE288B795B00AAC9D8 /* PeerView.swift in Sources */ = {isa = PBXBuildFile; fileRef = B9D051CD288B795B00AAC9D8 /* PeerView.swift */; };
		B9D051D128908DD100AAC9D8 /* Utilities.swift in Sources */ = {isa = PBXBuildFile; fileRef = B9D051D028908DD100AAC9D8 /* Utilities.swift */; };
		B9DADC0D290BA2BE00D5F9EB /* LineChartView.swift in Sources */ = {isa = PBXBuildFile; fileRef = B9DADC0C290BA2BE00D5F9EB /* LineChartView.swift */; };
		B9EC1D8928C9234A007EB285 /* Notification.swift in Sources */ = {isa = PBXBuildFile; fileRef = B9EC1D8828C9234A007EB285 /* Notification.swift */; };
		FE01C5772A2FAB1800850EFF /* AppDelegate.swift in Sources */ = {isa = PBXBuildFile; fileRef = FE01C5762A2FAB1800850EFF /* AppDelegate.swift */; };
		FE01C57A2A2FAF6100850EFF /* SurveyManager.swift in Sources */ = {isa = PBXBuildFile; fileRef = FE01C5792A2FAF6100850EFF /* SurveyManager.swift */; };
		FE01C57C2A325D5300850EFF /* FullscreenHighlightView.swift in Sources */ = {isa = PBXBuildFile; fileRef = FE01C57B2A325D5300850EFF /* FullscreenHighlightView.swift */; };
		FE14B9E32A2FA2AF004A1E30 /* FirebaseAnalytics in Frameworks */ = {isa = PBXBuildFile; productRef = FE14B9E22A2FA2AF004A1E30 /* FirebaseAnalytics */; };
		FE14B9E52A2FA2AF004A1E30 /* FirebaseAnalyticsSwift in Frameworks */ = {isa = PBXBuildFile; productRef = FE14B9E42A2FA2AF004A1E30 /* FirebaseAnalyticsSwift */; };
		FE14B9E72A2FA2AF004A1E30 /* FirebaseDatabase in Frameworks */ = {isa = PBXBuildFile; productRef = FE14B9E62A2FA2AF004A1E30 /* FirebaseDatabase */; };
		FE14B9E92A2FA2AF004A1E30 /* FirebaseFirestore in Frameworks */ = {isa = PBXBuildFile; productRef = FE14B9E82A2FA2AF004A1E30 /* FirebaseFirestore */; };
		FE14B9EB2A2FA2AF004A1E30 /* FirebaseFirestoreCombine-Community in Frameworks */ = {isa = PBXBuildFile; productRef = FE14B9EA2A2FA2AF004A1E30 /* FirebaseFirestoreCombine-Community */; };
		FE14B9ED2A2FA2AF004A1E30 /* FirebaseFirestoreSwift in Frameworks */ = {isa = PBXBuildFile; productRef = FE14B9EC2A2FA2AF004A1E30 /* FirebaseFirestoreSwift */; };
		FE14B9EF2A2FA2AF004A1E30 /* FirebaseInAppMessaging-Beta in Frameworks */ = {isa = PBXBuildFile; productRef = FE14B9EE2A2FA2AF004A1E30 /* FirebaseInAppMessaging-Beta */; };
		FE14B9F12A2FA2AF004A1E30 /* FirebaseInAppMessagingSwift-Beta in Frameworks */ = {isa = PBXBuildFile; productRef = FE14B9F02A2FA2AF004A1E30 /* FirebaseInAppMessagingSwift-Beta */; };
		FE14B9F32A2FA2AF004A1E30 /* FirebaseMessaging in Frameworks */ = {isa = PBXBuildFile; productRef = FE14B9F22A2FA2AF004A1E30 /* FirebaseMessaging */; };
		FE5ED2582A39100300C9E3D7 /* SettingsView.swift in Sources */ = {isa = PBXBuildFile; fileRef = FE5ED2572A39100300C9E3D7 /* SettingsView.swift */; };
		FE5ED25A2A39113000C9E3D7 /* WebView.swift in Sources */ = {isa = PBXBuildFile; fileRef = FE5ED2592A39113000C9E3D7 /* WebView.swift */; };
		FE5ED25C2A3B7FFC00C9E3D7 /* NodeServer.swift in Sources */ = {isa = PBXBuildFile; fileRef = FE5ED25B2A3B7FFC00C9E3D7 /* NodeServer.swift */; };
		FE620EBF2A14048F0073B8F0 /* FirebaseManager.swift in Sources */ = {isa = PBXBuildFile; fileRef = FE620EBE2A14048F0073B8F0 /* FirebaseManager.swift */; };
		FE620EC32A1408010073B8F0 /* OnboardingView.swift in Sources */ = {isa = PBXBuildFile; fileRef = FE620EC22A1408010073B8F0 /* OnboardingView.swift */; };
		FEE155EC2A1557F000398DCD /* Toast.swift in Sources */ = {isa = PBXBuildFile; fileRef = FEE155EB2A1557F000398DCD /* Toast.swift */; };
		FEE155EE2A155FA300398DCD /* RegisteredUser.swift in Sources */ = {isa = PBXBuildFile; fileRef = FEE155ED2A155FA300398DCD /* RegisteredUser.swift */; };
		FEE155F12A1569B600398DCD /* SkeletonUI in Frameworks */ = {isa = PBXBuildFile; productRef = FEE155F02A1569B600398DCD /* SkeletonUI */; };
		FEE155F42A17124700398DCD /* DeviceView.swift in Sources */ = {isa = PBXBuildFile; fileRef = FEE155F32A17124700398DCD /* DeviceView.swift */; };
		FEE155F62A17C92100398DCD /* UserInfoLoader.swift in Sources */ = {isa = PBXBuildFile; fileRef = FEE155F52A17C92100398DCD /* UserInfoLoader.swift */; };
		FEE1561B2A1D075A00398DCD /* SimpleDropdown.swift in Sources */ = {isa = PBXBuildFile; fileRef = FEE1561A2A1D075A00398DCD /* SimpleDropdown.swift */; };
		FEE156212A1D375400398DCD /* HighlightView.swift in Sources */ = {isa = PBXBuildFile; fileRef = FEE156202A1D375400398DCD /* HighlightView.swift */; };
		FEE156232A1D450600398DCD /* FatigueWarningLoader.swift in Sources */ = {isa = PBXBuildFile; fileRef = FEE156222A1D450600398DCD /* FatigueWarningLoader.swift */; };
		FEE156252A1D5E0700398DCD /* DummyView.swift in Sources */ = {isa = PBXBuildFile; fileRef = FEE156242A1D5E0700398DCD /* DummyView.swift */; };
		FEE1562D2A1E974A00398DCD /* Assets in Resources */ = {isa = PBXBuildFile; fileRef = FEE1562C2A1E974A00398DCD /* Assets */; };
		FEE156312A1FB84B00398DCD /* SurveyDropdown.swift in Sources */ = {isa = PBXBuildFile; fileRef = FEE156302A1FB84B00398DCD /* SurveyDropdown.swift */; };
		FEE156332A1FB88800398DCD /* SurveyView.swift in Sources */ = {isa = PBXBuildFile; fileRef = FEE156322A1FB88800398DCD /* SurveyView.swift */; };
		FEE156362A1FB89000398DCD /* IconButtonStyle.swift in Sources */ = {isa = PBXBuildFile; fileRef = FEE156342A1FB89000398DCD /* IconButtonStyle.swift */; };
		FEE156372A1FB89000398DCD /* IconButtonInner.swift in Sources */ = {isa = PBXBuildFile; fileRef = FEE156352A1FB89000398DCD /* IconButtonInner.swift */; };
		FEE1563B2A1FC3E800398DCD /* SurveyDetailsView.swift in Sources */ = {isa = PBXBuildFile; fileRef = FEE1563A2A1FC3E800398DCD /* SurveyDetailsView.swift */; };
		FEE1563D2A1FD7AE00398DCD /* SurveyInfoView.swift in Sources */ = {isa = PBXBuildFile; fileRef = FEE1563C2A1FD7AE00398DCD /* SurveyInfoView.swift */; };
		FEE156472A263C0C00398DCD /* TimelineView.swift in Sources */ = {isa = PBXBuildFile; fileRef = FEE156462A263C0C00398DCD /* TimelineView.swift */; };
		FEE156492A26466E00398DCD /* GoogleService-Info.plist in Resources */ = {isa = PBXBuildFile; fileRef = FEE156482A26466E00398DCD /* GoogleService-Info.plist */; };
/* End PBXBuildFile section */

/* Begin PBXCopyFilesBuildPhase section */
		59899B6D207634A900FAF40A /* Embed Frameworks */ = {
			isa = PBXCopyFilesBuildPhase;
			buildActionMask = 2147483647;
			dstPath = "";
			dstSubfolderSpec = 10;
			files = (
			);
			name = "Embed Frameworks";
			runOnlyForDeploymentPostprocessing = 0;
		};
/* End PBXCopyFilesBuildPhase section */

/* Begin PBXFileReference section */
		55591B651F2884AC0084CF0C /* DPM SafeConnect.app */ = {isa = PBXFileReference; explicitFileType = wrapper.application; includeInIndex = 0; path = "DPM SafeConnect.app"; sourceTree = BUILT_PRODUCTS_DIR; };
		55591B6A1F2884AC0084CF0C /* ViewController.swift */ = {isa = PBXFileReference; lastKnownFileType = sourcecode.swift; path = ViewController.swift; sourceTree = "<group>"; };
		55591B6D1F2884AC0084CF0C /* Base */ = {isa = PBXFileReference; lastKnownFileType = file.storyboard; name = Base; path = Base.lproj/Main.storyboard; sourceTree = "<group>"; };
		55591B6F1F2884AC0084CF0C /* Assets.xcassets */ = {isa = PBXFileReference; lastKnownFileType = folder.assetcatalog; path = Assets.xcassets; sourceTree = "<group>"; };
		55591B721F2884AC0084CF0C /* Base */ = {isa = PBXFileReference; lastKnownFileType = file.storyboard; name = Base; path = Base.lproj/LaunchScreen.storyboard; sourceTree = "<group>"; };
		55591B741F2884AD0084CF0C /* Info.plist */ = {isa = PBXFileReference; lastKnownFileType = text.plist.xml; path = Info.plist; sourceTree = "<group>"; };
		59CAB61D207770890052910F /* E4link.framework */ = {isa = PBXFileReference; lastKnownFileType = wrapper.framework; name = E4link.framework; path = Libs/E4link.framework; sourceTree = "<group>"; };
		59CAB6222077716E0052910F /* E4tester-Bridging-Header.h */ = {isa = PBXFileReference; lastKnownFileType = sourcecode.c.h; path = "E4tester-Bridging-Header.h"; sourceTree = "<group>"; };
		59CAB625207771C30052910F /* CoreBluetooth.framework */ = {isa = PBXFileReference; lastKnownFileType = wrapper.framework; name = CoreBluetooth.framework; path = System/Library/Frameworks/CoreBluetooth.framework; sourceTree = SDKROOT; };
		AA75453F2C01141900D79A62 /* HeatStrainLevel.swift */ = {isa = PBXFileReference; lastKnownFileType = sourcecode.swift; path = HeatStrainLevel.swift; sourceTree = "<group>"; };
		AA7545412C0115F600D79A62 /* DynamicFont.swift */ = {isa = PBXFileReference; lastKnownFileType = sourcecode.swift; path = DynamicFont.swift; sourceTree = "<group>"; };
		AA7874532C09606C00A0DDC5 /* Operation.swift */ = {isa = PBXFileReference; lastKnownFileType = sourcecode.swift; path = Operation.swift; sourceTree = "<group>"; };
		AA7874552C09637F00A0DDC5 /* UserExistenceChecker.swift */ = {isa = PBXFileReference; lastKnownFileType = sourcecode.swift; path = UserExistenceChecker.swift; sourceTree = "<group>"; };
		AA7874572C0966D400A0DDC5 /* NewUserView.swift */ = {isa = PBXFileReference; lastKnownFileType = sourcecode.swift; path = NewUserView.swift; sourceTree = "<group>"; };
		B914915D2911C1FC00A51A62 /* MultiLineChartView.swift */ = {isa = PBXFileReference; lastKnownFileType = sourcecode.swift; path = MultiLineChartView.swift; sourceTree = "<group>"; };
		B91AA78F286CA26E00B36E84 /* ModelData.swift */ = {isa = PBXFileReference; lastKnownFileType = sourcecode.swift; path = ModelData.swift; sourceTree = "<group>"; };
		B91AA791286CA5B700B36E84 /* DashboardView.swift */ = {isa = PBXFileReference; lastKnownFileType = sourcecode.swift; path = DashboardView.swift; sourceTree = "<group>"; };
		B91AA795286CA62400B36E84 /* ProfileView.swift */ = {isa = PBXFileReference; lastKnownFileType = sourcecode.swift; path = ProfileView.swift; sourceTree = "<group>"; };
		B91AA79B286D12E900B36E84 /* Config.swift */ = {isa = PBXFileReference; lastKnownFileType = sourcecode.swift; path = Config.swift; sourceTree = "<group>"; };
		B91AA7A4287F352100B36E84 /* InfoView.swift */ = {isa = PBXFileReference; lastKnownFileType = sourcecode.swift; path = InfoView.swift; sourceTree = "<group>"; };
		B93AB809285D8E6E0008DC59 /* DPMApp.swift */ = {isa = PBXFileReference; fileEncoding = 4; lastKnownFileType = sourcecode.swift; path = DPMApp.swift; sourceTree = "<group>"; };
		B93AB80B285D8EF10008DC59 /* ContentView.swift */ = {isa = PBXFileReference; lastKnownFileType = sourcecode.swift; path = ContentView.swift; sourceTree = "<group>"; };
		B9D051B12888435800AAC9D8 /* LoginView.swift */ = {isa = PBXFileReference; lastKnownFileType = sourcecode.swift; path = LoginView.swift; sourceTree = "<group>"; };
		B9D051B32888627300AAC9D8 /* LoginDetailView.swift */ = {isa = PBXFileReference; lastKnownFileType = sourcecode.swift; path = LoginDetailView.swift; sourceTree = "<group>"; };
		B9D051B528887D2B00AAC9D8 /* FloatingLabelInput.swift */ = {isa = PBXFileReference; lastKnownFileType = sourcecode.swift; path = FloatingLabelInput.swift; sourceTree = "<group>"; };
		B9D051B9288B11B400AAC9D8 /* User.swift */ = {isa = PBXFileReference; lastKnownFileType = sourcecode.swift; path = User.swift; sourceTree = "<group>"; };
		B9D051BB288B21B500AAC9D8 /* Input.swift */ = {isa = PBXFileReference; lastKnownFileType = sourcecode.swift; path = Input.swift; sourceTree = "<group>"; };
		B9D051BD288B21EA00AAC9D8 /* Peer.swift */ = {isa = PBXFileReference; lastKnownFileType = sourcecode.swift; path = Peer.swift; sourceTree = "<group>"; };
		B9D051BF288B27A300AAC9D8 /* CrewView.swift */ = {isa = PBXFileReference; lastKnownFileType = sourcecode.swift; path = CrewView.swift; sourceTree = "<group>"; };
		B9D051C1288B2D5F00AAC9D8 /* ResponseModel.swift */ = {isa = PBXFileReference; lastKnownFileType = sourcecode.swift; path = ResponseModel.swift; sourceTree = "<group>"; };
		B9D051C7288B6CB400AAC9D8 /* FatigueLevelGraph.swift */ = {isa = PBXFileReference; fileEncoding = 4; lastKnownFileType = sourcecode.swift; path = FatigueLevelGraph.swift; sourceTree = "<group>"; };
		B9D051C9288B6CB900AAC9D8 /* GraphCapsule.swift */ = {isa = PBXFileReference; fileEncoding = 4; lastKnownFileType = sourcecode.swift; path = GraphCapsule.swift; sourceTree = "<group>"; };
		B9D051CD288B795B00AAC9D8 /* PeerView.swift */ = {isa = PBXFileReference; fileEncoding = 4; lastKnownFileType = sourcecode.swift; path = PeerView.swift; sourceTree = "<group>"; };
		B9D051D028908DD100AAC9D8 /* Utilities.swift */ = {isa = PBXFileReference; lastKnownFileType = sourcecode.swift; path = Utilities.swift; sourceTree = "<group>"; };
		B9DADC0C290BA2BE00D5F9EB /* LineChartView.swift */ = {isa = PBXFileReference; lastKnownFileType = sourcecode.swift; path = LineChartView.swift; sourceTree = "<group>"; };
		B9EC1D8828C9234A007EB285 /* Notification.swift */ = {isa = PBXFileReference; lastKnownFileType = sourcecode.swift; path = Notification.swift; sourceTree = "<group>"; };
		FE01C5762A2FAB1800850EFF /* AppDelegate.swift */ = {isa = PBXFileReference; lastKnownFileType = sourcecode.swift; path = AppDelegate.swift; sourceTree = "<group>"; };
		FE01C5792A2FAF6100850EFF /* SurveyManager.swift */ = {isa = PBXFileReference; lastKnownFileType = sourcecode.swift; path = SurveyManager.swift; sourceTree = "<group>"; };
		FE01C57B2A325D5300850EFF /* FullscreenHighlightView.swift */ = {isa = PBXFileReference; lastKnownFileType = sourcecode.swift; path = FullscreenHighlightView.swift; sourceTree = "<group>"; };
		FE14B9E02A2F9318004A1E30 /* E4tester.entitlements */ = {isa = PBXFileReference; lastKnownFileType = text.plist.entitlements; path = E4tester.entitlements; sourceTree = "<group>"; };
		FE5ED2572A39100300C9E3D7 /* SettingsView.swift */ = {isa = PBXFileReference; lastKnownFileType = sourcecode.swift; path = SettingsView.swift; sourceTree = "<group>"; };
		FE5ED2592A39113000C9E3D7 /* WebView.swift */ = {isa = PBXFileReference; fileEncoding = 4; lastKnownFileType = sourcecode.swift; path = WebView.swift; sourceTree = "<group>"; };
		FE5ED25B2A3B7FFC00C9E3D7 /* NodeServer.swift */ = {isa = PBXFileReference; lastKnownFileType = sourcecode.swift; path = NodeServer.swift; sourceTree = "<group>"; };
		FE620EBE2A14048F0073B8F0 /* FirebaseManager.swift */ = {isa = PBXFileReference; lastKnownFileType = sourcecode.swift; path = FirebaseManager.swift; sourceTree = "<group>"; };
		FE620EC22A1408010073B8F0 /* OnboardingView.swift */ = {isa = PBXFileReference; lastKnownFileType = sourcecode.swift; path = OnboardingView.swift; sourceTree = "<group>"; };
		FEE155EB2A1557F000398DCD /* Toast.swift */ = {isa = PBXFileReference; fileEncoding = 4; lastKnownFileType = sourcecode.swift; path = Toast.swift; sourceTree = "<group>"; };
		FEE155ED2A155FA300398DCD /* RegisteredUser.swift */ = {isa = PBXFileReference; lastKnownFileType = sourcecode.swift; path = RegisteredUser.swift; sourceTree = "<group>"; };
		FEE155F32A17124700398DCD /* DeviceView.swift */ = {isa = PBXFileReference; lastKnownFileType = sourcecode.swift; path = DeviceView.swift; sourceTree = "<group>"; };
		FEE155F52A17C92100398DCD /* UserInfoLoader.swift */ = {isa = PBXFileReference; lastKnownFileType = sourcecode.swift; path = UserInfoLoader.swift; sourceTree = "<group>"; };
		FEE1561A2A1D075A00398DCD /* SimpleDropdown.swift */ = {isa = PBXFileReference; fileEncoding = 4; lastKnownFileType = sourcecode.swift; path = SimpleDropdown.swift; sourceTree = "<group>"; };
		FEE156202A1D375400398DCD /* HighlightView.swift */ = {isa = PBXFileReference; lastKnownFileType = sourcecode.swift; path = HighlightView.swift; sourceTree = "<group>"; };
		FEE156222A1D450600398DCD /* FatigueWarningLoader.swift */ = {isa = PBXFileReference; lastKnownFileType = sourcecode.swift; path = FatigueWarningLoader.swift; sourceTree = "<group>"; };
		FEE156242A1D5E0700398DCD /* DummyView.swift */ = {isa = PBXFileReference; lastKnownFileType = sourcecode.swift; path = DummyView.swift; sourceTree = "<group>"; };
		FEE1562C2A1E974A00398DCD /* Assets */ = {isa = PBXFileReference; lastKnownFileType = folder; path = Assets; sourceTree = "<group>"; };
		FEE156302A1FB84B00398DCD /* SurveyDropdown.swift */ = {isa = PBXFileReference; fileEncoding = 4; lastKnownFileType = sourcecode.swift; path = SurveyDropdown.swift; sourceTree = "<group>"; };
		FEE156322A1FB88800398DCD /* SurveyView.swift */ = {isa = PBXFileReference; lastKnownFileType = sourcecode.swift; path = SurveyView.swift; sourceTree = "<group>"; };
		FEE156342A1FB89000398DCD /* IconButtonStyle.swift */ = {isa = PBXFileReference; fileEncoding = 4; lastKnownFileType = sourcecode.swift; path = IconButtonStyle.swift; sourceTree = "<group>"; };
		FEE156352A1FB89000398DCD /* IconButtonInner.swift */ = {isa = PBXFileReference; fileEncoding = 4; lastKnownFileType = sourcecode.swift; path = IconButtonInner.swift; sourceTree = "<group>"; };
		FEE1563A2A1FC3E800398DCD /* SurveyDetailsView.swift */ = {isa = PBXFileReference; lastKnownFileType = sourcecode.swift; path = SurveyDetailsView.swift; sourceTree = "<group>"; };
		FEE1563C2A1FD7AE00398DCD /* SurveyInfoView.swift */ = {isa = PBXFileReference; lastKnownFileType = sourcecode.swift; path = SurveyInfoView.swift; sourceTree = "<group>"; };
		FEE156462A263C0C00398DCD /* TimelineView.swift */ = {isa = PBXFileReference; lastKnownFileType = sourcecode.swift; path = TimelineView.swift; sourceTree = "<group>"; };
		FEE156482A26466E00398DCD /* GoogleService-Info.plist */ = {isa = PBXFileReference; fileEncoding = 4; lastKnownFileType = text.plist.xml; path = "GoogleService-Info.plist"; sourceTree = "<group>"; };
/* End PBXFileReference section */

/* Begin PBXFrameworksBuildPhase section */
		55591B621F2884AC0084CF0C /* Frameworks */ = {
			isa = PBXFrameworksBuildPhase;
			buildActionMask = 2147483647;
			files = (
				59CAB626207771C30052910F /* CoreBluetooth.framework in Frameworks */,
				AA7874502C095EB500A0DDC5 /* FirebaseAuth in Frameworks */,
				59CAB61E207770890052910F /* E4link.framework in Frameworks */,
				FE14B9F32A2FA2AF004A1E30 /* FirebaseMessaging in Frameworks */,
				FE14B9E32A2FA2AF004A1E30 /* FirebaseAnalytics in Frameworks */,
				FE14B9EB2A2FA2AF004A1E30 /* FirebaseFirestoreCombine-Community in Frameworks */,
				B91491542911AFE400A51A62 /* Algorithms in Frameworks */,
				FE14B9ED2A2FA2AF004A1E30 /* FirebaseFirestoreSwift in Frameworks */,
				FE14B9E52A2FA2AF004A1E30 /* FirebaseAnalyticsSwift in Frameworks */,
				FE14B9E92A2FA2AF004A1E30 /* FirebaseFirestore in Frameworks */,
				FE14B9F12A2FA2AF004A1E30 /* FirebaseInAppMessagingSwift-Beta in Frameworks */,
				FEE155F12A1569B600398DCD /* SkeletonUI in Frameworks */,
				FE14B9E72A2FA2AF004A1E30 /* FirebaseDatabase in Frameworks */,
				B914915C2911B19C00A51A62 /* Charts in Frameworks */,
				FE14B9EF2A2FA2AF004A1E30 /* FirebaseInAppMessaging-Beta in Frameworks */,
				AA7874522C095EB500A0DDC5 /* FirebaseAuthCombine-Community in Frameworks */,
			);
			runOnlyForDeploymentPostprocessing = 0;
		};
/* End PBXFrameworksBuildPhase section */

/* Begin PBXGroup section */
		55591B5C1F2884AC0084CF0C = {
			isa = PBXGroup;
			children = (
				55591B671F2884AC0084CF0C /* E4tester */,
				55591B961F2887C90084CF0C /* Frameworks */,
				55591B661F2884AC0084CF0C /* Products */,
			);
			sourceTree = "<group>";
		};
		55591B661F2884AC0084CF0C /* Products */ = {
			isa = PBXGroup;
			children = (
				55591B651F2884AC0084CF0C /* DPM SafeConnect.app */,
			);
			name = Products;
			sourceTree = "<group>";
		};
		55591B671F2884AC0084CF0C /* E4tester */ = {
			isa = PBXGroup;
			children = (
				FE14B9E02A2F9318004A1E30 /* E4tester.entitlements */,
				FEE156482A26466E00398DCD /* GoogleService-Info.plist */,
				B93AB809285D8E6E0008DC59 /* DPMApp.swift */,
				B91AA797286D0C8400B36E84 /* View */,
				B91AA798286D0C8C00B36E84 /* Model */,
				55591B6C1F2884AC0084CF0C /* Main.storyboard */,
				55591B6F1F2884AC0084CF0C /* Assets.xcassets */,
				55591B711F2884AC0084CF0C /* LaunchScreen.storyboard */,
				55591B741F2884AD0084CF0C /* Info.plist */,
				59CAB6222077716E0052910F /* E4tester-Bridging-Header.h */,
			);
			path = E4tester;
			sourceTree = "<group>";
		};
		55591B961F2887C90084CF0C /* Frameworks */ = {
			isa = PBXGroup;
			children = (
				59CAB625207771C30052910F /* CoreBluetooth.framework */,
				59CAB61D207770890052910F /* E4link.framework */,
			);
			name = Frameworks;
			sourceTree = "<group>";
		};
		B91AA797286D0C8400B36E84 /* View */ = {
			isa = PBXGroup;
			children = (
				FEE155EB2A1557F000398DCD /* Toast.swift */,
				FE5ED2592A39113000C9E3D7 /* WebView.swift */,
				AA7545412C0115F600D79A62 /* DynamicFont.swift */,
				FEE1562F2A1FB7CB00398DCD /* Survey */,
				FEE1562C2A1E974A00398DCD /* Assets */,
				FEE155F22A1709C900398DCD /* Device */,
				B93AB80B285D8EF10008DC59 /* ContentView.swift */,
				B9D051B02888434700AAC9D8 /* Login */,
				B91AA799286D0D0400B36E84 /* Dashboard */,
				B91AA79A286D0D1900B36E84 /* Profile */,
				FE620EC22A1408010073B8F0 /* OnboardingView.swift */,
				AA7874572C0966D400A0DDC5 /* NewUserView.swift */,
				FEE156242A1D5E0700398DCD /* DummyView.swift */,
			);
			path = View;
			sourceTree = "<group>";
		};
		B91AA798286D0C8C00B36E84 /* Model */ = {
			isa = PBXGroup;
			children = (
				FE5ED25F2A40D74E00C9E3D7 /* Firebase */,
				B91AA78F286CA26E00B36E84 /* ModelData.swift */,
				B91AA79B286D12E900B36E84 /* Config.swift */,
				B9D051B9288B11B400AAC9D8 /* User.swift */,
				AA7874532C09606C00A0DDC5 /* Operation.swift */,
				B9D051BB288B21B500AAC9D8 /* Input.swift */,
				B9D051BD288B21EA00AAC9D8 /* Peer.swift */,
				B9D051C1288B2D5F00AAC9D8 /* ResponseModel.swift */,
				AA75453F2C01141900D79A62 /* HeatStrainLevel.swift */,
				B9D051D028908DD100AAC9D8 /* Utilities.swift */,
				B9EC1D8828C9234A007EB285 /* Notification.swift */,
				FE5ED25B2A3B7FFC00C9E3D7 /* NodeServer.swift */,
			);
			path = Model;
			sourceTree = "<group>";
		};
		B91AA799286D0D0400B36E84 /* Dashboard */ = {
			isa = PBXGroup;
			children = (
				B91AA791286CA5B700B36E84 /* DashboardView.swift */,
				55591B6A1F2884AC0084CF0C /* ViewController.swift */,
				B91AA7A4287F352100B36E84 /* InfoView.swift */,
				FEE1561A2A1D075A00398DCD /* SimpleDropdown.swift */,
				B9D051CF288B797000AAC9D8 /* MyCrew */,
				FEE156202A1D375400398DCD /* HighlightView.swift */,
				FE01C57B2A325D5300850EFF /* FullscreenHighlightView.swift */,
			);
			path = Dashboard;
			sourceTree = "<group>";
		};
		B91AA79A286D0D1900B36E84 /* Profile */ = {
			isa = PBXGroup;
			children = (
				B91AA795286CA62400B36E84 /* ProfileView.swift */,
				FEE156462A263C0C00398DCD /* TimelineView.swift */,
				FE5ED2572A39100300C9E3D7 /* SettingsView.swift */,
			);
			path = Profile;
			sourceTree = "<group>";
		};
		B9D051B02888434700AAC9D8 /* Login */ = {
			isa = PBXGroup;
			children = (
				B9D051B12888435800AAC9D8 /* LoginView.swift */,
				B9D051B32888627300AAC9D8 /* LoginDetailView.swift */,
				B9D051B528887D2B00AAC9D8 /* FloatingLabelInput.swift */,
			);
			path = Login;
			sourceTree = "<group>";
		};
		B9D051CF288B797000AAC9D8 /* MyCrew */ = {
			isa = PBXGroup;
			children = (
				B9D051BF288B27A300AAC9D8 /* CrewView.swift */,
				B914915D2911C1FC00A51A62 /* MultiLineChartView.swift */,
				B9D051CD288B795B00AAC9D8 /* PeerView.swift */,
				B9D051C7288B6CB400AAC9D8 /* FatigueLevelGraph.swift */,
				B9D051C9288B6CB900AAC9D8 /* GraphCapsule.swift */,
				B9DADC0C290BA2BE00D5F9EB /* LineChartView.swift */,
			);
			path = MyCrew;
			sourceTree = "<group>";
		};
		FE5ED25F2A40D74E00C9E3D7 /* Firebase */ = {
			isa = PBXGroup;
			children = (
				FE01C5762A2FAB1800850EFF /* AppDelegate.swift */,
				FE620EBE2A14048F0073B8F0 /* FirebaseManager.swift */,
				AA7874552C09637F00A0DDC5 /* UserExistenceChecker.swift */,
				FEE156222A1D450600398DCD /* FatigueWarningLoader.swift */,
				FEE155ED2A155FA300398DCD /* RegisteredUser.swift */,
				FEE155F52A17C92100398DCD /* UserInfoLoader.swift */,
			);
			path = Firebase;
			sourceTree = "<group>";
		};
		FEE155F22A1709C900398DCD /* Device */ = {
			isa = PBXGroup;
			children = (
				FEE155F32A17124700398DCD /* DeviceView.swift */,
			);
			path = Device;
			sourceTree = "<group>";
		};
		FEE1562F2A1FB7CB00398DCD /* Survey */ = {
			isa = PBXGroup;
			children = (
				FEE156302A1FB84B00398DCD /* SurveyDropdown.swift */,
				FEE156322A1FB88800398DCD /* SurveyView.swift */,
				FEE156352A1FB89000398DCD /* IconButtonInner.swift */,
				FEE156342A1FB89000398DCD /* IconButtonStyle.swift */,
				FEE1563C2A1FD7AE00398DCD /* SurveyInfoView.swift */,
				FEE1563A2A1FC3E800398DCD /* SurveyDetailsView.swift */,
				FE01C5792A2FAF6100850EFF /* SurveyManager.swift */,
			);
			path = Survey;
			sourceTree = "<group>";
		};
/* End PBXGroup section */

/* Begin PBXNativeTarget section */
		55591B641F2884AC0084CF0C /* E4tester */ = {
			isa = PBXNativeTarget;
			buildConfigurationList = 55591B8D1F2884AD0084CF0C /* Build configuration list for PBXNativeTarget "E4tester" */;
			buildPhases = (
				55591B611F2884AC0084CF0C /* Sources */,
				55591B621F2884AC0084CF0C /* Frameworks */,
				55591B631F2884AC0084CF0C /* Resources */,
				59899B6D207634A900FAF40A /* Embed Frameworks */,
			);
			buildRules = (
			);
			dependencies = (
			);
			name = E4tester;
			packageProductDependencies = (
				B91491532911AFE400A51A62 /* Algorithms */,
				B914915B2911B19C00A51A62 /* Charts */,
				FEE155F02A1569B600398DCD /* SkeletonUI */,
				FE14B9E22A2FA2AF004A1E30 /* FirebaseAnalytics */,
				FE14B9E42A2FA2AF004A1E30 /* FirebaseAnalyticsSwift */,
				FE14B9E62A2FA2AF004A1E30 /* FirebaseDatabase */,
				FE14B9E82A2FA2AF004A1E30 /* FirebaseFirestore */,
				FE14B9EA2A2FA2AF004A1E30 /* FirebaseFirestoreCombine-Community */,
				FE14B9EC2A2FA2AF004A1E30 /* FirebaseFirestoreSwift */,
				FE14B9EE2A2FA2AF004A1E30 /* FirebaseInAppMessaging-Beta */,
				FE14B9F02A2FA2AF004A1E30 /* FirebaseInAppMessagingSwift-Beta */,
				FE14B9F22A2FA2AF004A1E30 /* FirebaseMessaging */,
				AA78744F2C095EB500A0DDC5 /* FirebaseAuth */,
				AA7874512C095EB500A0DDC5 /* FirebaseAuthCombine-Community */,
			);
			productName = E4Tests;
			productReference = 55591B651F2884AC0084CF0C /* DPM SafeConnect.app */;
			productType = "com.apple.product-type.application";
		};
/* End PBXNativeTarget section */

/* Begin PBXProject section */
		55591B5D1F2884AC0084CF0C /* Project object */ = {
			isa = PBXProject;
			attributes = {
				LastSwiftUpdateCheck = 0830;
				LastUpgradeCheck = 1340;
				ORGANIZATIONNAME = "Felipe Castro";
				TargetAttributes = {
					55591B641F2884AC0084CF0C = {
						CreatedOnToolsVersion = 8.3.3;
						LastSwiftMigration = 1340;
						SystemCapabilities = {
							com.apple.BackgroundModes = {
								enabled = 1;
							};
						};
					};
				};
			};
			buildConfigurationList = 55591B601F2884AC0084CF0C /* Build configuration list for PBXProject "E4tester" */;
			compatibilityVersion = "Xcode 3.2";
			developmentRegion = en;
			hasScannedForEncodings = 0;
			knownRegions = (
				en,
				Base,
			);
			mainGroup = 55591B5C1F2884AC0084CF0C;
			packageReferences = (
				B91491522911AFE400A51A62 /* XCRemoteSwiftPackageReference "swift-algorithms" */,
				B914915A2911B19C00A51A62 /* XCRemoteSwiftPackageReference "Charts" */,
				FEE155EF2A1569B600398DCD /* XCRemoteSwiftPackageReference "SkeletonUI" */,
				FE14B9E12A2FA2AF004A1E30 /* XCRemoteSwiftPackageReference "firebase-ios-sdk" */,
			);
			productRefGroup = 55591B661F2884AC0084CF0C /* Products */;
			projectDirPath = "";
			projectRoot = "";
			targets = (
				55591B641F2884AC0084CF0C /* E4tester */,
			);
		};
/* End PBXProject section */

/* Begin PBXResourcesBuildPhase section */
		55591B631F2884AC0084CF0C /* Resources */ = {
			isa = PBXResourcesBuildPhase;
			buildActionMask = 2147483647;
			files = (
				FEE1562D2A1E974A00398DCD /* Assets in Resources */,
				55591B731F2884AC0084CF0C /* LaunchScreen.storyboard in Resources */,
				55591B701F2884AC0084CF0C /* Assets.xcassets in Resources */,
				55591B6E1F2884AC0084CF0C /* Main.storyboard in Resources */,
				FEE156492A26466E00398DCD /* GoogleService-Info.plist in Resources */,
			);
			runOnlyForDeploymentPostprocessing = 0;
		};
/* End PBXResourcesBuildPhase section */

/* Begin PBXSourcesBuildPhase section */
		55591B611F2884AC0084CF0C /* Sources */ = {
			isa = PBXSourcesBuildPhase;
			buildActionMask = 2147483647;
			files = (
				FEE156212A1D375400398DCD /* HighlightView.swift in Sources */,
				AA7874582C0966D400A0DDC5 /* NewUserView.swift in Sources */,
				B9D051BC288B21B500AAC9D8 /* Input.swift in Sources */,
				FEE156372A1FB89000398DCD /* IconButtonInner.swift in Sources */,
				B9D051BE288B21EA00AAC9D8 /* Peer.swift in Sources */,
				FEE1561B2A1D075A00398DCD /* SimpleDropdown.swift in Sources */,
				FE01C57C2A325D5300850EFF /* FullscreenHighlightView.swift in Sources */,
				FE5ED25A2A39113000C9E3D7 /* WebView.swift in Sources */,
				B91AA796286CA62400B36E84 /* ProfileView.swift in Sources */,
				B914915E2911C1FC00A51A62 /* MultiLineChartView.swift in Sources */,
				FEE156252A1D5E0700398DCD /* DummyView.swift in Sources */,
				B9D051C8288B6CB400AAC9D8 /* FatigueLevelGraph.swift in Sources */,
				FEE156332A1FB88800398DCD /* SurveyView.swift in Sources */,
				B9D051CE288B795B00AAC9D8 /* PeerView.swift in Sources */,
				55591B6B1F2884AC0084CF0C /* ViewController.swift in Sources */,
				B9D051CA288B6CB900AAC9D8 /* GraphCapsule.swift in Sources */,
				AA7874562C09637F00A0DDC5 /* UserExistenceChecker.swift in Sources */,
				B9D051B42888627300AAC9D8 /* LoginDetailView.swift in Sources */,
				B91AA790286CA26E00B36E84 /* ModelData.swift in Sources */,
				FE620EC32A1408010073B8F0 /* OnboardingView.swift in Sources */,
				B91AA79C286D12E900B36E84 /* Config.swift in Sources */,
				FE01C5772A2FAB1800850EFF /* AppDelegate.swift in Sources */,
				B9D051BA288B11B400AAC9D8 /* User.swift in Sources */,
				B91AA792286CA5B700B36E84 /* DashboardView.swift in Sources */,
				FE5ED2582A39100300C9E3D7 /* SettingsView.swift in Sources */,
				B93AB80A285D8E6E0008DC59 /* DPMApp.swift in Sources */,
				FEE156362A1FB89000398DCD /* IconButtonStyle.swift in Sources */,
				FEE155EC2A1557F000398DCD /* Toast.swift in Sources */,
				B9DADC0D290BA2BE00D5F9EB /* LineChartView.swift in Sources */,
				B9D051B628887D2B00AAC9D8 /* FloatingLabelInput.swift in Sources */,
				FE620EBF2A14048F0073B8F0 /* FirebaseManager.swift in Sources */,
				FEE155EE2A155FA300398DCD /* RegisteredUser.swift in Sources */,
				B9D051C0288B27A300AAC9D8 /* CrewView.swift in Sources */,
				B9D051C2288B2D5F00AAC9D8 /* ResponseModel.swift in Sources */,
				FE01C57A2A2FAF6100850EFF /* SurveyManager.swift in Sources */,
				FEE155F62A17C92100398DCD /* UserInfoLoader.swift in Sources */,
				FEE156232A1D450600398DCD /* FatigueWarningLoader.swift in Sources */,
				FEE1563D2A1FD7AE00398DCD /* SurveyInfoView.swift in Sources */,
				B9D051B22888435800AAC9D8 /* LoginView.swift in Sources */,
				B9EC1D8928C9234A007EB285 /* Notification.swift in Sources */,
				FEE155F42A17124700398DCD /* DeviceView.swift in Sources */,
				FEE1563B2A1FC3E800398DCD /* SurveyDetailsView.swift in Sources */,
				AA7545422C0115F600D79A62 /* DynamicFont.swift in Sources */,
				FE5ED25C2A3B7FFC00C9E3D7 /* NodeServer.swift in Sources */,
				FEE156312A1FB84B00398DCD /* SurveyDropdown.swift in Sources */,
				AA7874542C09606C00A0DDC5 /* Operation.swift in Sources */,
				B91AA7A5287F352100B36E84 /* InfoView.swift in Sources */,
				FEE156472A263C0C00398DCD /* TimelineView.swift in Sources */,
				B9D051D128908DD100AAC9D8 /* Utilities.swift in Sources */,
				AA7545402C01141900D79A62 /* HeatStrainLevel.swift in Sources */,
				B93AB80C285D8EF10008DC59 /* ContentView.swift in Sources */,
			);
			runOnlyForDeploymentPostprocessing = 0;
		};
/* End PBXSourcesBuildPhase section */

/* Begin PBXVariantGroup section */
		55591B6C1F2884AC0084CF0C /* Main.storyboard */ = {
			isa = PBXVariantGroup;
			children = (
				55591B6D1F2884AC0084CF0C /* Base */,
			);
			name = Main.storyboard;
			sourceTree = "<group>";
		};
		55591B711F2884AC0084CF0C /* LaunchScreen.storyboard */ = {
			isa = PBXVariantGroup;
			children = (
				55591B721F2884AC0084CF0C /* Base */,
			);
			name = LaunchScreen.storyboard;
			sourceTree = "<group>";
		};
/* End PBXVariantGroup section */

/* Begin XCBuildConfiguration section */
		55591B8B1F2884AD0084CF0C /* Debug */ = {
			isa = XCBuildConfiguration;
			buildSettings = {
				ALWAYS_SEARCH_USER_PATHS = NO;
				CLANG_ANALYZER_NONNULL = YES;
				CLANG_ANALYZER_NUMBER_OBJECT_CONVERSION = YES_AGGRESSIVE;
				CLANG_CXX_LANGUAGE_STANDARD = "gnu++0x";
				CLANG_CXX_LIBRARY = "libc++";
				CLANG_ENABLE_MODULES = YES;
				CLANG_ENABLE_OBJC_ARC = YES;
				CLANG_WARN_BLOCK_CAPTURE_AUTORELEASING = YES;
				CLANG_WARN_BOOL_CONVERSION = YES;
				CLANG_WARN_COMMA = YES;
				CLANG_WARN_CONSTANT_CONVERSION = YES;
				CLANG_WARN_DEPRECATED_OBJC_IMPLEMENTATIONS = YES;
				CLANG_WARN_DIRECT_OBJC_ISA_USAGE = YES_ERROR;
				CLANG_WARN_DOCUMENTATION_COMMENTS = YES;
				CLANG_WARN_EMPTY_BODY = YES;
				CLANG_WARN_ENUM_CONVERSION = YES;
				CLANG_WARN_INFINITE_RECURSION = YES;
				CLANG_WARN_INT_CONVERSION = YES;
				CLANG_WARN_NON_LITERAL_NULL_CONVERSION = YES;
				CLANG_WARN_OBJC_IMPLICIT_RETAIN_SELF = YES;
				CLANG_WARN_OBJC_LITERAL_CONVERSION = YES;
				CLANG_WARN_OBJC_ROOT_CLASS = YES_ERROR;
				CLANG_WARN_QUOTED_INCLUDE_IN_FRAMEWORK_HEADER = YES;
				CLANG_WARN_RANGE_LOOP_ANALYSIS = YES;
				CLANG_WARN_STRICT_PROTOTYPES = YES;
				CLANG_WARN_SUSPICIOUS_MOVE = YES;
				CLANG_WARN_UNREACHABLE_CODE = YES;
				CLANG_WARN__DUPLICATE_METHOD_MATCH = YES;
				"CODE_SIGN_IDENTITY[sdk=iphoneos*]" = "iPhone Developer";
				COPY_PHASE_STRIP = NO;
				DEBUG_INFORMATION_FORMAT = dwarf;
				ENABLE_STRICT_OBJC_MSGSEND = YES;
				ENABLE_TESTABILITY = YES;
				GCC_C_LANGUAGE_STANDARD = gnu99;
				GCC_DYNAMIC_NO_PIC = NO;
				GCC_NO_COMMON_BLOCKS = YES;
				GCC_OPTIMIZATION_LEVEL = 0;
				GCC_PREPROCESSOR_DEFINITIONS = (
					"DEBUG=1",
					"$(inherited)",
				);
				GCC_WARN_64_TO_32_BIT_CONVERSION = YES;
				GCC_WARN_ABOUT_RETURN_TYPE = YES_ERROR;
				GCC_WARN_UNDECLARED_SELECTOR = YES;
				GCC_WARN_UNINITIALIZED_AUTOS = YES_AGGRESSIVE;
				GCC_WARN_UNUSED_FUNCTION = YES;
				GCC_WARN_UNUSED_VARIABLE = YES;
				IPHONEOS_DEPLOYMENT_TARGET = 12.0;
				MTL_ENABLE_DEBUG_INFO = YES;
				ONLY_ACTIVE_ARCH = YES;
				SDKROOT = iphoneos;
				SWIFT_ACTIVE_COMPILATION_CONDITIONS = DEBUG;
				SWIFT_OPTIMIZATION_LEVEL = "-Onone";
				TARGETED_DEVICE_FAMILY = "1,2";
			};
			name = Debug;
		};
		55591B8C1F2884AD0084CF0C /* Release */ = {
			isa = XCBuildConfiguration;
			buildSettings = {
				ALWAYS_SEARCH_USER_PATHS = NO;
				CLANG_ANALYZER_NONNULL = YES;
				CLANG_ANALYZER_NUMBER_OBJECT_CONVERSION = YES_AGGRESSIVE;
				CLANG_CXX_LANGUAGE_STANDARD = "gnu++0x";
				CLANG_CXX_LIBRARY = "libc++";
				CLANG_ENABLE_MODULES = YES;
				CLANG_ENABLE_OBJC_ARC = YES;
				CLANG_WARN_BLOCK_CAPTURE_AUTORELEASING = YES;
				CLANG_WARN_BOOL_CONVERSION = YES;
				CLANG_WARN_COMMA = YES;
				CLANG_WARN_CONSTANT_CONVERSION = YES;
				CLANG_WARN_DEPRECATED_OBJC_IMPLEMENTATIONS = YES;
				CLANG_WARN_DIRECT_OBJC_ISA_USAGE = YES_ERROR;
				CLANG_WARN_DOCUMENTATION_COMMENTS = YES;
				CLANG_WARN_EMPTY_BODY = YES;
				CLANG_WARN_ENUM_CONVERSION = YES;
				CLANG_WARN_INFINITE_RECURSION = YES;
				CLANG_WARN_INT_CONVERSION = YES;
				CLANG_WARN_NON_LITERAL_NULL_CONVERSION = YES;
				CLANG_WARN_OBJC_IMPLICIT_RETAIN_SELF = YES;
				CLANG_WARN_OBJC_LITERAL_CONVERSION = YES;
				CLANG_WARN_OBJC_ROOT_CLASS = YES_ERROR;
				CLANG_WARN_QUOTED_INCLUDE_IN_FRAMEWORK_HEADER = YES;
				CLANG_WARN_RANGE_LOOP_ANALYSIS = YES;
				CLANG_WARN_STRICT_PROTOTYPES = YES;
				CLANG_WARN_SUSPICIOUS_MOVE = YES;
				CLANG_WARN_UNREACHABLE_CODE = YES;
				CLANG_WARN__DUPLICATE_METHOD_MATCH = YES;
				"CODE_SIGN_IDENTITY[sdk=iphoneos*]" = "iPhone Developer";
				COPY_PHASE_STRIP = NO;
				DEBUG_INFORMATION_FORMAT = "dwarf-with-dsym";
				ENABLE_NS_ASSERTIONS = NO;
				ENABLE_STRICT_OBJC_MSGSEND = YES;
				GCC_C_LANGUAGE_STANDARD = gnu99;
				GCC_NO_COMMON_BLOCKS = YES;
				GCC_WARN_64_TO_32_BIT_CONVERSION = YES;
				GCC_WARN_ABOUT_RETURN_TYPE = YES_ERROR;
				GCC_WARN_UNDECLARED_SELECTOR = YES;
				GCC_WARN_UNINITIALIZED_AUTOS = YES_AGGRESSIVE;
				GCC_WARN_UNUSED_FUNCTION = YES;
				GCC_WARN_UNUSED_VARIABLE = YES;
				IPHONEOS_DEPLOYMENT_TARGET = 12.0;
				MTL_ENABLE_DEBUG_INFO = NO;
				SDKROOT = iphoneos;
				SWIFT_COMPILATION_MODE = wholemodule;
				SWIFT_OPTIMIZATION_LEVEL = "-O";
				TARGETED_DEVICE_FAMILY = "1,2";
				VALIDATE_PRODUCT = YES;
			};
			name = Release;
		};
		55591B8E1F2884AD0084CF0C /* Debug */ = {
			isa = XCBuildConfiguration;
			buildSettings = {
				ASSETCATALOG_COMPILER_APPICON_NAME = AppIcon;
				CLANG_ENABLE_MODULES = YES;
				CLANG_MODULES_AUTOLINK = YES;
				CODE_SIGN_ENTITLEMENTS = E4tester/E4tester.entitlements;
				CODE_SIGN_IDENTITY = "Apple Development";
				CODE_SIGN_STYLE = Automatic;
				CURRENT_PROJECT_VERSION = 1;
				DEVELOPMENT_TEAM = GUDZ7ALN9J;
				ENABLE_BITCODE = NO;
				EXCLUDED_ARCHS = "";
				FRAMEWORK_SEARCH_PATHS = (
					"$(inherited)",
					"$(PROJECT_DIR)",
					"$(PROJECT_DIR)/Libs/**",
					"$(PROJECT_DIR)/Libs",
				);
				GCC_INCREASE_PRECOMPILED_HEADER_SHARING = NO;
				GCC_PRECOMPILE_PREFIX_HEADER = NO;
				INFOPLIST_FILE = E4tester/Info.plist;
				INFOPLIST_KEY_CFBundleDisplayName = SafeConnect;
				IPHONEOS_DEPLOYMENT_TARGET = 16.0;
				LD_RUNPATH_SEARCH_PATHS = (
					"$(inherited)",
					"@executable_path/Frameworks",
				);
				MARKETING_VERSION = 0.0.3;
				ONLY_ACTIVE_ARCH = YES;
				PRODUCT_BUNDLE_IDENTIFIER = umich.dpm.fatiguemonitor.ethan;
				PRODUCT_NAME = "DPM SafeConnect";
				PROVISIONING_PROFILE_SPECIFIER = "";
				SWIFT_OBJC_BRIDGING_HEADER = "E4tester/E4tester-Bridging-Header.h";
				SWIFT_OPTIMIZATION_LEVEL = "-Onone";
				SWIFT_PRECOMPILE_BRIDGING_HEADER = NO;
				SWIFT_SWIFT3_OBJC_INFERENCE = Default;
				SWIFT_VERSION = 5.0;
				TARGETED_DEVICE_FAMILY = 1;
			};
			name = Debug;
		};
		55591B8F1F2884AD0084CF0C /* Release */ = {
			isa = XCBuildConfiguration;
			buildSettings = {
				ASSETCATALOG_COMPILER_APPICON_NAME = AppIcon;
				CLANG_ENABLE_MODULES = YES;
				CLANG_MODULES_AUTOLINK = YES;
				CODE_SIGN_ENTITLEMENTS = E4tester/E4tester.entitlements;
				CODE_SIGN_IDENTITY = "Apple Development";
				CODE_SIGN_STYLE = Automatic;
				CURRENT_PROJECT_VERSION = 1;
				DEVELOPMENT_TEAM = GUDZ7ALN9J;
				ENABLE_BITCODE = NO;
				EXCLUDED_ARCHS = "";
				FRAMEWORK_SEARCH_PATHS = (
					"$(inherited)",
					"$(PROJECT_DIR)",
					"$(PROJECT_DIR)/Libs/**",
					"$(PROJECT_DIR)/Libs",
				);
				GCC_INCREASE_PRECOMPILED_HEADER_SHARING = NO;
				GCC_PRECOMPILE_PREFIX_HEADER = NO;
				INFOPLIST_FILE = E4tester/Info.plist;
				INFOPLIST_KEY_CFBundleDisplayName = SafeConnect;
				IPHONEOS_DEPLOYMENT_TARGET = 16.0;
				LD_RUNPATH_SEARCH_PATHS = (
					"$(inherited)",
					"@executable_path/Frameworks",
				);
				MARKETING_VERSION = 0.0.3;
				ONLY_ACTIVE_ARCH = YES;
				PRODUCT_BUNDLE_IDENTIFIER = umich.dpm.fatiguemonitor.ethan;
				PRODUCT_NAME = "DPM SafeConnect";
				PROVISIONING_PROFILE_SPECIFIER = "";
				SWIFT_OBJC_BRIDGING_HEADER = "E4tester/E4tester-Bridging-Header.h";
				SWIFT_PRECOMPILE_BRIDGING_HEADER = NO;
				SWIFT_SWIFT3_OBJC_INFERENCE = Default;
				SWIFT_VERSION = 5.0;
				TARGETED_DEVICE_FAMILY = 1;
			};
			name = Release;
		};
/* End XCBuildConfiguration section */

/* Begin XCConfigurationList section */
		55591B601F2884AC0084CF0C /* Build configuration list for PBXProject "E4tester" */ = {
			isa = XCConfigurationList;
			buildConfigurations = (
				55591B8B1F2884AD0084CF0C /* Debug */,
				55591B8C1F2884AD0084CF0C /* Release */,
			);
			defaultConfigurationIsVisible = 0;
			defaultConfigurationName = Release;
		};
		55591B8D1F2884AD0084CF0C /* Build configuration list for PBXNativeTarget "E4tester" */ = {
			isa = XCConfigurationList;
			buildConfigurations = (
				55591B8E1F2884AD0084CF0C /* Debug */,
				55591B8F1F2884AD0084CF0C /* Release */,
			);
			defaultConfigurationIsVisible = 0;
			defaultConfigurationName = Release;
		};
/* End XCConfigurationList section */

/* Begin XCRemoteSwiftPackageReference section */
		B91491522911AFE400A51A62 /* XCRemoteSwiftPackageReference "swift-algorithms" */ = {
			isa = XCRemoteSwiftPackageReference;
			repositoryURL = "https://github.com/apple/swift-algorithms.git";
			requirement = {
				kind = upToNextMajorVersion;
				minimumVersion = 1.0.0;
			};
		};
		B914915A2911B19C00A51A62 /* XCRemoteSwiftPackageReference "Charts" */ = {
			isa = XCRemoteSwiftPackageReference;
			repositoryURL = "https://github.com/danielgindi/Charts.git";
			requirement = {
				kind = exactVersion;
				version = 4.1.0;
			};
		};
		FE14B9E12A2FA2AF004A1E30 /* XCRemoteSwiftPackageReference "firebase-ios-sdk" */ = {
			isa = XCRemoteSwiftPackageReference;
			repositoryURL = "https://github.com/firebase/firebase-ios-sdk";
			requirement = {
				kind = upToNextMajorVersion;
				minimumVersion = 10.0.0;
			};
		};
		FEE155EF2A1569B600398DCD /* XCRemoteSwiftPackageReference "SkeletonUI" */ = {
			isa = XCRemoteSwiftPackageReference;
			repositoryURL = "https://github.com/CSolanaM/SkeletonUI.git";
			requirement = {
				kind = upToNextMajorVersion;
				minimumVersion = 1.0.0;
			};
		};
/* End XCRemoteSwiftPackageReference section */

/* Begin XCSwiftPackageProductDependency section */
		AA78744F2C095EB500A0DDC5 /* FirebaseAuth */ = {
			isa = XCSwiftPackageProductDependency;
			package = FE14B9E12A2FA2AF004A1E30 /* XCRemoteSwiftPackageReference "firebase-ios-sdk" */;
			productName = FirebaseAuth;
		};
		AA7874512C095EB500A0DDC5 /* FirebaseAuthCombine-Community */ = {
			isa = XCSwiftPackageProductDependency;
			package = FE14B9E12A2FA2AF004A1E30 /* XCRemoteSwiftPackageReference "firebase-ios-sdk" */;
			productName = "FirebaseAuthCombine-Community";
		};
		B91491532911AFE400A51A62 /* Algorithms */ = {
			isa = XCSwiftPackageProductDependency;
			package = B91491522911AFE400A51A62 /* XCRemoteSwiftPackageReference "swift-algorithms" */;
			productName = Algorithms;
		};
		B914915B2911B19C00A51A62 /* Charts */ = {
			isa = XCSwiftPackageProductDependency;
			package = B914915A2911B19C00A51A62 /* XCRemoteSwiftPackageReference "Charts" */;
			productName = Charts;
		};
		FE14B9E22A2FA2AF004A1E30 /* FirebaseAnalytics */ = {
			isa = XCSwiftPackageProductDependency;
			package = FE14B9E12A2FA2AF004A1E30 /* XCRemoteSwiftPackageReference "firebase-ios-sdk" */;
			productName = FirebaseAnalytics;
		};
		FE14B9E42A2FA2AF004A1E30 /* FirebaseAnalyticsSwift */ = {
			isa = XCSwiftPackageProductDependency;
			package = FE14B9E12A2FA2AF004A1E30 /* XCRemoteSwiftPackageReference "firebase-ios-sdk" */;
			productName = FirebaseAnalyticsSwift;
		};
		FE14B9E62A2FA2AF004A1E30 /* FirebaseDatabase */ = {
			isa = XCSwiftPackageProductDependency;
			package = FE14B9E12A2FA2AF004A1E30 /* XCRemoteSwiftPackageReference "firebase-ios-sdk" */;
			productName = FirebaseDatabase;
		};
		FE14B9E82A2FA2AF004A1E30 /* FirebaseFirestore */ = {
			isa = XCSwiftPackageProductDependency;
			package = FE14B9E12A2FA2AF004A1E30 /* XCRemoteSwiftPackageReference "firebase-ios-sdk" */;
			productName = FirebaseFirestore;
		};
		FE14B9EA2A2FA2AF004A1E30 /* FirebaseFirestoreCombine-Community */ = {
			isa = XCSwiftPackageProductDependency;
			package = FE14B9E12A2FA2AF004A1E30 /* XCRemoteSwiftPackageReference "firebase-ios-sdk" */;
			productName = "FirebaseFirestoreCombine-Community";
		};
		FE14B9EC2A2FA2AF004A1E30 /* FirebaseFirestoreSwift */ = {
			isa = XCSwiftPackageProductDependency;
			package = FE14B9E12A2FA2AF004A1E30 /* XCRemoteSwiftPackageReference "firebase-ios-sdk" */;
			productName = FirebaseFirestoreSwift;
		};
		FE14B9EE2A2FA2AF004A1E30 /* FirebaseInAppMessaging-Beta */ = {
			isa = XCSwiftPackageProductDependency;
			package = FE14B9E12A2FA2AF004A1E30 /* XCRemoteSwiftPackageReference "firebase-ios-sdk" */;
			productName = "FirebaseInAppMessaging-Beta";
		};
		FE14B9F02A2FA2AF004A1E30 /* FirebaseInAppMessagingSwift-Beta */ = {
			isa = XCSwiftPackageProductDependency;
			package = FE14B9E12A2FA2AF004A1E30 /* XCRemoteSwiftPackageReference "firebase-ios-sdk" */;
			productName = "FirebaseInAppMessagingSwift-Beta";
		};
		FE14B9F22A2FA2AF004A1E30 /* FirebaseMessaging */ = {
			isa = XCSwiftPackageProductDependency;
			package = FE14B9E12A2FA2AF004A1E30 /* XCRemoteSwiftPackageReference "firebase-ios-sdk" */;
			productName = FirebaseMessaging;
		};
		FEE155F02A1569B600398DCD /* SkeletonUI */ = {
			isa = XCSwiftPackageProductDependency;
			package = FEE155EF2A1569B600398DCD /* XCRemoteSwiftPackageReference "SkeletonUI" */;
			productName = SkeletonUI;
		};
/* End XCSwiftPackageProductDependency section */
	};
	rootObject = 55591B5D1F2884AC0084CF0C /* Project object */;
}
